
Microsoft Visual Studio Solution File, Format Version 12.00
# Visual Studio Version 17
VisualStudioVersion = 17.7.34024.191
MinimumVisualStudioVersion = 10.0.40219.1
Project("{FAE04EC0-301F-11D3-BF4B-00C04F79EFBC}") = "Калькулятор.шарпы", "Калькулятор.шарпы\Калькулятор.шарпы.csproj", "{538F836D-27D0-410D-990F-8818C6FF3A2A}"
EndProject
Global
	GlobalSection(SolutionConfigurationPlatforms) = preSolution
		Debug|Any CPU = Debug|Any CPU
		Release|Any CPU = Release|Any CPU
	EndGlobalSection
	GlobalSection(ProjectConfigurationPlatforms) = postSolution
		{538F836D-27D0-410D-990F-8818C6FF3A2A}.Debug|Any CPU.ActiveCfg = Debug|Any CPU
		{538F836D-27D0-410D-990F-8818C6FF3A2A}.Debug|Any CPU.Build.0 = Debug|Any CPU
		{538F836D-27D0-410D-990F-8818C6FF3A2A}.Release|Any CPU.ActiveCfg = Release|Any CPU
		{538F836D-27D0-410D-990F-8818C6FF3A2A}.Release|Any CPU.Build.0 = Release|Any CPU
	EndGlobalSection
	GlobalSection(SolutionProperties) = preSolution
		HideSolutionNode = FALSE
	EndGlobalSection
	GlobalSection(ExtensibilityGlobals) = postSolution
		SolutionGuid = {92A11346-168C-4F0C-B62A-7B90FBD0E543}
	EndGlobalSection
EndGlobal
